// !$*UTF8*$!
{
	archiveVersion = 1;
	classes = {
	};
	objectVersion = 46;
	objects = {

/* Begin PBXBuildFile section */
		B581E5881390C1E200F538EF /* UIKit.framework in Frameworks */ = {isa = PBXBuildFile; fileRef = B581E5871390C1E200F538EF /* UIKit.framework */; };
		B581E58A1390C1E200F538EF /* Foundation.framework in Frameworks */ = {isa = PBXBuildFile; fileRef = B581E5891390C1E200F538EF /* Foundation.framework */; };
		B581E58C1390C1E200F538EF /* CoreGraphics.framework in Frameworks */ = {isa = PBXBuildFile; fileRef = B581E58B1390C1E200F538EF /* CoreGraphics.framework */; };
		B581E5921390C1E200F538EF /* InfoPlist.strings in Resources */ = {isa = PBXBuildFile; fileRef = B581E5901390C1E200F538EF /* InfoPlist.strings */; };
		B581E5951390C1E200F538EF /* main.m in Sources */ = {isa = PBXBuildFile; fileRef = B581E5941390C1E200F538EF /* main.m */; };
		B581E5981390C1E200F538EF /* helloWeibo_v1AppDelegate.m in Sources */ = {isa = PBXBuildFile; fileRef = B581E5971390C1E200F538EF /* helloWeibo_v1AppDelegate.m */; };
		B581E59B1390C1E200F538EF /* MainWindow.xib in Resources */ = {isa = PBXBuildFile; fileRef = B581E5991390C1E200F538EF /* MainWindow.xib */; };
		B581E59E1390C1E200F538EF /* RootViewController.m in Sources */ = {isa = PBXBuildFile; fileRef = B581E59D1390C1E200F538EF /* RootViewController.m */; };
		B581E5A11390C1E200F538EF /* RootViewController.xib in Resources */ = {isa = PBXBuildFile; fileRef = B581E59F1390C1E200F538EF /* RootViewController.xib */; };
/* End PBXBuildFile section */

/* Begin PBXFileReference section */
		B581E5831390C1E200F538EF /* helloWeibo_v1.app */ = {isa = PBXFileReference; explicitFileType = wrapper.application; includeInIndex = 0; path = helloWeibo_v1.app; sourceTree = BUILT_PRODUCTS_DIR; };
		B581E5871390C1E200F538EF /* UIKit.framework */ = {isa = PBXFileReference; lastKnownFileType = wrapper.framework; name = UIKit.framework; path = System/Library/Frameworks/UIKit.framework; sourceTree = SDKROOT; };
		B581E5891390C1E200F538EF /* Foundation.framework */ = {isa = PBXFileReference; lastKnownFileType = wrapper.framework; name = Foundation.framework; path = System/Library/Frameworks/Foundation.framework; sourceTree = SDKROOT; };
		B581E58B1390C1E200F538EF /* CoreGraphics.framework */ = {isa = PBXFileReference; lastKnownFileType = wrapper.framework; name = CoreGraphics.framework; path = System/Library/Frameworks/CoreGraphics.framework; sourceTree = SDKROOT; };
		B581E58F1390C1E200F538EF /* helloWeibo_v1-Info.plist */ = {isa = PBXFileReference; path = "helloWeibo_v1-Info.plist"; sourceTree = "<group>"; };
		B581E5911390C1E200F538EF /* en */ = {isa = PBXFileReference; lastKnownFileType = text.plist.strings; name = en; path = en.lproj/InfoPlist.strings; sourceTree = "<group>"; };
		B581E5931390C1E200F538EF /* helloWeibo_v1-Prefix.pch */ = {isa = PBXFileReference; path = "helloWeibo_v1-Prefix.pch"; sourceTree = "<group>"; };
		B581E5941390C1E200F538EF /* main.m */ = {isa = PBXFileReference; lastKnownFileType = sourcecode.c.objc; path = main.m; sourceTree = "<group>"; };
		B581E5961390C1E200F538EF /* helloWeibo_v1AppDelegate.h */ = {isa = PBXFileReference; path = helloWeibo_v1AppDelegate.h; sourceTree = "<group>"; };
		B581E5971390C1E200F538EF /* helloWeibo_v1AppDelegate.m */ = {isa = PBXFileReference; lastKnownFileType = sourcecode.c.objc; path = helloWeibo_v1AppDelegate.m; sourceTree = "<group>"; };
		B581E59A1390C1E200F538EF /* en */ = {isa = PBXFileReference; lastKnownFileType = file.xib; name = en; path = en.lproj/MainWindow.xib; sourceTree = "<group>"; };
		B581E59C1390C1E200F538EF /* RootViewController.h */ = {isa = PBXFileReference; path = RootViewController.h; sourceTree = "<group>"; };
		B581E59D1390C1E200F538EF /* RootViewController.m */ = {isa = PBXFileReference; lastKnownFileType = sourcecode.c.objc; path = RootViewController.m; sourceTree = "<group>"; };
		B581E5A01390C1E200F538EF /* en */ = {isa = PBXFileReference; lastKnownFileType = file.xib; name = en; path = en.lproj/RootViewController.xib; sourceTree = "<group>"; };
/* End PBXFileReference section */

/* Begin PBXFrameworksBuildPhase section */
		B581E5801390C1E200F538EF /* Frameworks */ = {
			isa = PBXFrameworksBuildPhase;
			buildActionMask = 2147483647;
			files = (
				B581E5881390C1E200F538EF /* UIKit.framework in Frameworks */,
				B581E58A1390C1E200F538EF /* Foundation.framework in Frameworks */,
				B581E58C1390C1E200F538EF /* CoreGraphics.framework in Frameworks */,
			);
			runOnlyForDeploymentPostprocessing = 0;
		};
/* End PBXFrameworksBuildPhase section */

/* Begin PBXGroup section */
		B581E5781390C1E100F538EF = {
			isa = PBXGroup;
			children = (
				B581E58D1390C1E200F538EF /* helloWeibo_v1 */,
				B581E5861390C1E200F538EF /* Frameworks */,
				B581E5841390C1E200F538EF /* Products */,
			);
			sourceTree = "<group>";
		};
		B581E5841390C1E200F538EF /* Products */ = {
			isa = PBXGroup;
			children = (
				B581E5831390C1E200F538EF /* helloWeibo_v1.app */,
			);
			name = Products;
			sourceTree = "<group>";
		};
		B581E5861390C1E200F538EF /* Frameworks */ = {
			isa = PBXGroup;
			children = (
				B581E5871390C1E200F538EF /* UIKit.framework */,
				B581E5891390C1E200F538EF /* Foundation.framework */,
				B581E58B1390C1E200F538EF /* CoreGraphics.framework */,
			);
			name = Frameworks;
			sourceTree = "<group>";
		};
		B581E58D1390C1E200F538EF /* helloWeibo_v1 */ = {
			isa = PBXGroup;
			children = (
				B581E5961390C1E200F538EF /* helloWeibo_v1AppDelegate.h */,
				B581E5971390C1E200F538EF /* helloWeibo_v1AppDelegate.m */,
				B581E5991390C1E200F538EF /* MainWindow.xib */,
				B581E59C1390C1E200F538EF /* RootViewController.h */,
				B581E59D1390C1E200F538EF /* RootViewController.m */,
				B581E59F1390C1E200F538EF /* RootViewController.xib */,
				B581E58E1390C1E200F538EF /* Supporting Files */,
			);
			path = helloWeibo_v1;
			sourceTree = "<group>";
		};
		B581E58E1390C1E200F538EF /* Supporting Files */ = {
			isa = PBXGroup;
			children = (
				B581E58F1390C1E200F538EF /* helloWeibo_v1-Info.plist */,
				B581E5901390C1E200F538EF /* InfoPlist.strings */,
				B581E5931390C1E200F538EF /* helloWeibo_v1-Prefix.pch */,
				B581E5941390C1E200F538EF /* main.m */,
			);
			name = "Supporting Files";
			sourceTree = "<group>";
		};
/* End PBXGroup section */

/* Begin PBXNativeTarget section */
		B581E5821390C1E200F538EF /* helloWeibo_v1 */ = {
			isa = PBXNativeTarget;
			buildConfigurationList = B581E5A41390C1E200F538EF /* Build configuration list for PBXNativeTarget "helloWeibo_v1" */;
			buildPhases = (
				B581E57F1390C1E200F538EF /* Sources */,
				B581E5801390C1E200F538EF /* Frameworks */,
				B581E5811390C1E200F538EF /* Resources */,
			);
			buildRules = (
			);
			dependencies = (
			);
			name = helloWeibo_v1;
			productName = helloWeibo_v1;
			productReference = B581E5831390C1E200F538EF /* helloWeibo_v1.app */;
			productType = "com.apple.product-type.application";
		};
/* End PBXNativeTarget section */

/* Begin PBXProject section */
		B581E57A1390C1E100F538EF /* Project object */ = {
			isa = PBXProject;
			attributes = {
				ORGANIZATIONNAME = Openlab;
			};
			buildConfigurationList = B581E57D1390C1E100F538EF /* Build configuration list for PBXProject "helloWeibo_v1" */;
			compatibilityVersion = "Xcode 3.2";
			developmentRegion = English;
			hasScannedForEncodings = 0;
			knownRegions = (
				en,
			);
			mainGroup = B581E5781390C1E100F538EF;
			productRefGroup = B581E5841390C1E200F538EF /* Products */;
			projectDirPath = "";
			projectRoot = "";
			targets = (
				B581E5821390C1E200F538EF /* helloWeibo_v1 */,
			);
		};
/* End PBXProject section */

/* Begin PBXResourcesBuildPhase section */
		B581E5811390C1E200F538EF /* Resources */ = {
			isa = PBXResourcesBuildPhase;
			buildActionMask = 2147483647;
			files = (
				B581E5921390C1E200F538EF /* InfoPlist.strings in Resources */,
				B581E59B1390C1E200F538EF /* MainWindow.xib in Resources */,
				B581E5A11390C1E200F538EF /* RootViewController.xib in Resources */,
			);
			runOnlyForDeploymentPostprocessing = 0;
		};
/* End PBXResourcesBuildPhase section */

/* Begin PBXSourcesBuildPhase section */
		B581E57F1390C1E200F538EF /* Sources */ = {
			isa = PBXSourcesBuildPhase;
			buildActionMask = 2147483647;
			files = (
				B581E5951390C1E200F538EF /* main.m in Sources */,
				B581E5981390C1E200F538EF /* helloWeibo_v1AppDelegate.m in Sources */,
				B581E59E1390C1E200F538EF /* RootViewController.m in Sources */,
			);
			runOnlyForDeploymentPostprocessing = 0;
		};
/* End PBXSourcesBuildPhase section */

/* Begin PBXVariantGroup section */
		B581E5901390C1E200F538EF /* InfoPlist.strings */ = {
			isa = PBXVariantGroup;
			children = (
				B581E5911390C1E200F538EF /* en */,
			);
			name = InfoPlist.strings;
			sourceTree = "<group>";
		};
		B581E5991390C1E200F538EF /* MainWindow.xib */ = {
			isa = PBXVariantGroup;
			children = (
				B581E59A1390C1E200F538EF /* en */,
			);
			name = MainWindow.xib;
			sourceTree = "<group>";
		};
		B581E59F1390C1E200F538EF /* RootViewController.xib */ = {
			isa = PBXVariantGroup;
			children = (
				B581E5A01390C1E200F538EF /* en */,
			);
			name = RootViewController.xib;
			sourceTree = "<group>";
		};
/* End PBXVariantGroup section */

/* Begin XCBuildConfiguration section */
		B581E5A21390C1E200F538EF /* Debug */ = {
			isa = XCBuildConfiguration;
			buildSettings = {
				ARCHS = "$(ARCHS_STANDARD_32_BIT)";
				"CODE_SIGN_IDENTITY[sdk=iphoneos*]" = "iPhone Developer";
				GCC_C_LANGUAGE_STANDARD = gnu99;
				GCC_OPTIMIZATION_LEVEL = 0;
				GCC_PREPROCESSOR_DEFINITIONS = DEBUG;
				GCC_SYMBOLS_PRIVATE_EXTERN = NO;
				GCC_VERSION = com.apple.compilers.llvmgcc42;
				GCC_WARN_ABOUT_RETURN_TYPE = YES;
				GCC_WARN_UNUSED_VARIABLE = YES;
				IPHONEOS_DEPLOYMENT_TARGET = 4.3;
				SDKROOT = iphoneos;
			};
			name = Debug;
		};
		B581E5A31390C1E200F538EF /* Release */ = {
			isa = XCBuildConfiguration;
			buildSettings = {
				ARCHS = "$(ARCHS_STANDARD_32_BIT)";
				"CODE_SIGN_IDENTITY[sdk=iphoneos*]" = "iPhone Developer";
				GCC_C_LANGUAGE_STANDARD = gnu99;
				GCC_VERSION = com.apple.compilers.llvmgcc42;
				GCC_WARN_ABOUT_RETURN_TYPE = YES;
				GCC_WARN_UNUSED_VARIABLE = YES;
				IPHONEOS_DEPLOYMENT_TARGET = 4.3;
				OTHER_CFLAGS = "-DNS_BLOCK_ASSERTIONS=1";
				SDKROOT = iphoneos;
			};
			name = Release;
		};
		B581E5A51390C1E200F538EF /* Debug */ = {
			isa = XCBuildConfiguration;
			buildSettings = {
				ALWAYS_SEARCH_USER_PATHS = NO;
				COPY_PHASE_STRIP = NO;
				GCC_DYNAMIC_NO_PIC = NO;
				GCC_PRECOMPILE_PREFIX_HEADER = YES;
				GCC_PREFIX_HEADER = "helloWeibo_v1/helloWeibo_v1-Prefix.pch";
				INFOPLIST_FILE = "helloWeibo_v1/helloWeibo_v1-Info.plist";
				PRODUCT_NAME = "$(TARGET_NAME)";
				WRAPPER_EXTENSION = app;
			};
			name = Debug;
		};
		B581E5A61390C1E200F538EF /* Release */ = {
			isa = XCBuildConfiguration;
			buildSettings = {
				ALWAYS_SEARCH_USER_PATHS = NO;
				COPY_PHASE_STRIP = YES;
				GCC_PRECOMPILE_PREFIX_HEADER = YES;
				GCC_PREFIX_HEADER = "helloWeibo_v1/helloWeibo_v1-Prefix.pch";
				INFOPLIST_FILE = "helloWeibo_v1/helloWeibo_v1-Info.plist";
				PRODUCT_NAME = "$(TARGET_NAME)";
				VALIDATE_PRODUCT = YES;
				WRAPPER_EXTENSION = app;
			};
			name = Release;
		};
/* End XCBuildConfiguration section */

/* Begin XCConfigurationList section */
		B581E57D1390C1E100F538EF /* Build configuration list for PBXProject "helloWeibo_v1" */ = {
			isa = XCConfigurationList;
			buildConfigurations = (
				B581E5A21390C1E200F538EF /* Debug */,
				B581E5A31390C1E200F538EF /* Release */,
			);
			defaultConfigurationIsVisible = 0;
			defaultConfigurationName = Release;
		};
		B581E5A41390C1E200F538EF /* Build configuration list for PBXNativeTarget "helloWeibo_v1" */ = {
			isa = XCConfigurationList;
			buildConfigurations = (
				B581E5A51390C1E200F538EF /* Debug */,
				B581E5A61390C1E200F538EF /* Release */,
			);
			defaultConfigurationIsVisible = 0;
		};
/* End XCConfigurationList section */
	};
	rootObject = B581E57A1390C1E100F538EF /* Project object */;
}
